# This file is automatically @generated by Cargo.
# It is not intended for manual editing.
version = 4

[[package]]
name = "asb-application"
version = "0.1.4"

[[package]]
name = "asb-display-win"
version = "0.1.4"

[[package]]
name = "asb-domain"
version = "0.1.4"

[[package]]
name = "asb-headless"
version = "0.1.4"

[[package]]
name = "asb-linux-agent"
version = "0.1.4"

[[package]]
name = "asb-linux-input"
version = "0.1.4"

[[package]]
name = "asb-mutter-resize"
version = "0.1.4"

[[package]]
name = "asb-protocol"
version = "0.1.4"

[[package]]
name = "asb-runtime"
version = "0.1.4"

[[package]]
name = "asb-windows"
version = "0.1.4"

[[package]]
name = "xtask"
version = "0.1.4"
